// !$*UTF8*$!
{
	archiveVersion = 1;
	classes = {
	};
	objectVersion = 48;
	objects = {

/* Begin PBXBuildFile section */
		980229AC1F2F94F9000FFCA2 /* ErrorHelper.swift in Sources */ = {isa = PBXBuildFile; fileRef = 980229AB1F2F94F9000FFCA2 /* ErrorHelper.swift */; };
		980229AE1F2FB88F000FFCA2 /* ErrorParser.swift in Sources */ = {isa = PBXBuildFile; fileRef = 980229AD1F2FB88F000FFCA2 /* ErrorParser.swift */; };
		980229B01F2FBF18000FFCA2 /* ErrorParserTests.swift in Sources */ = {isa = PBXBuildFile; fileRef = 980229AF1F2FBF18000FFCA2 /* ErrorParserTests.swift */; };
		980229B21F2FCF41000FFCA2 /* ErrorTableViewCell.swift in Sources */ = {isa = PBXBuildFile; fileRef = 980229B11F2FCF41000FFCA2 /* ErrorTableViewCell.swift */; };
		981267D41F34BEFC00101027 /* Kernel.swift in Sources */ = {isa = PBXBuildFile; fileRef = 981267D31F34BEFC00101027 /* Kernel.swift */; };
		982DC6361F3FA1D1005DE418 /* ViewDraggingIndicator.swift in Sources */ = {isa = PBXBuildFile; fileRef = 982DC6351F3FA1D1005DE418 /* ViewDraggingIndicator.swift */; };
		98316DCB1F44F4A30042F653 /* VectorValuePicker.swift in Sources */ = {isa = PBXBuildFile; fileRef = 98316DCA1F44F4A30042F653 /* VectorValuePicker.swift */; };
		9841EC751F3663AE00A8E3CA /* Theme.swift in Sources */ = {isa = PBXBuildFile; fileRef = 9841EC741F3663AE00A8E3CA /* Theme.swift */; };
		9841EC771F36675000A8E3CA /* ThemingTests.swift in Sources */ = {isa = PBXBuildFile; fileRef = 9841EC761F36675000A8E3CA /* ThemingTests.swift */; };
		98426C171F670540007C2260 /* CIFilterHelper.swift in Sources */ = {isa = PBXBuildFile; fileRef = 98426C161F670540007C2260 /* CIFilterHelper.swift */; };
		9845C6111F38F44100F38283 /* NewProjectViewController.swift in Sources */ = {isa = PBXBuildFile; fileRef = 9845C6101F38F44100F38283 /* NewProjectViewController.swift */; };
		9848C4441F3B9B58001E079C /* SettingsTableViewController.swift in Sources */ = {isa = PBXBuildFile; fileRef = 9848C4431F3B9B58001E079C /* SettingsTableViewController.swift */; };
		984D9FA41F2E824B004AFD74 /* ParserTests.swift in Sources */ = {isa = PBXBuildFile; fileRef = 984D9FA31F2E824B004AFD74 /* ParserTests.swift */; };
		985668411F2E60EB00297A4E /* Parser.swift in Sources */ = {isa = PBXBuildFile; fileRef = 985668401F2E60EB00297A4E /* Parser.swift */; };
		985668431F2E6ABE00297A4E /* TokenizerTests.swift in Sources */ = {isa = PBXBuildFile; fileRef = 985668421F2E6ABE00297A4E /* TokenizerTests.swift */; };
		985A42061F2CF8F200636E72 /* AppDelegate.swift in Sources */ = {isa = PBXBuildFile; fileRef = 985A42051F2CF8F200636E72 /* AppDelegate.swift */; };
		985A42081F2CF8F200636E72 /* MainViewController.swift in Sources */ = {isa = PBXBuildFile; fileRef = 985A42071F2CF8F200636E72 /* MainViewController.swift */; };
		985A420B1F2CF8F200636E72 /* Main.storyboard in Resources */ = {isa = PBXBuildFile; fileRef = 985A42091F2CF8F200636E72 /* Main.storyboard */; };
		985A420D1F2CF8F200636E72 /* Assets.xcassets in Resources */ = {isa = PBXBuildFile; fileRef = 985A420C1F2CF8F200636E72 /* Assets.xcassets */; };
		985A42101F2CF8F200636E72 /* LaunchScreen.storyboard in Resources */ = {isa = PBXBuildFile; fileRef = 985A420E1F2CF8F200636E72 /* LaunchScreen.storyboard */; };
		985A42261F2CF8F300636E72 /* FilterPlaygroundUITests.swift in Sources */ = {isa = PBXBuildFile; fileRef = 985A42251F2CF8F300636E72 /* FilterPlaygroundUITests.swift */; };
		985A42361F2CFEE800636E72 /* CustomImageView.swift in Sources */ = {isa = PBXBuildFile; fileRef = 985A42351F2CFEE800636E72 /* CustomImageView.swift */; };
		986112831F3CF14400BF0C3D /* ColorPickerViewController.swift in Sources */ = {isa = PBXBuildFile; fileRef = 986112821F3CF14400BF0C3D /* ColorPickerViewController.swift */; };
		9868A8C11F3712EB00D0BC79 /* AST.swift in Sources */ = {isa = PBXBuildFile; fileRef = 9868A8C01F3712EB00D0BC79 /* AST.swift */; };
		986AA72B1F62F51C008F2091 /* TemplatesManager.swift in Sources */ = {isa = PBXBuildFile; fileRef = 986AA72A1F62F51C008F2091 /* TemplatesManager.swift */; };
		986AA72D1F62F679008F2091 /* TemplatesManagerTests.swift in Sources */ = {isa = PBXBuildFile; fileRef = 986AA72C1F62F679008F2091 /* TemplatesManagerTests.swift */; };
		986AA7321F62FE3B008F2091 /* test 2.kernelProj in Resources */ = {isa = PBXBuildFile; fileRef = 986AA72F1F62FD34008F2091 /* test 2.kernelProj */; };
		986AA7331F62FE3B008F2091 /* test 3.kernelProj in Resources */ = {isa = PBXBuildFile; fileRef = 986AA72E1F62FD2D008F2091 /* test 3.kernelProj */; };
		986AA7341F62FE3B008F2091 /* test 4.kernelProj in Resources */ = {isa = PBXBuildFile; fileRef = 986AA7301F62FD36008F2091 /* test 4.kernelProj */; };
		986AA7351F62FE3B008F2091 /* test.kernelProj in Resources */ = {isa = PBXBuildFile; fileRef = 986AA7311F62FD38008F2091 /* test.kernelProj */; };
		986AA7371F62FF76008F2091 /* SelectTemplateTableViewController.swift in Sources */ = {isa = PBXBuildFile; fileRef = 986AA7361F62FF76008F2091 /* SelectTemplateTableViewController.swift */; };
		987672451F2F5355002F9AAF /* Extensions.swift in Sources */ = {isa = PBXBuildFile; fileRef = 987672441F2F5355002F9AAF /* Extensions.swift */; };
		987A73291F66F65000F73806 /* SwiftPlaygroundsHelper.swift in Sources */ = {isa = PBXBuildFile; fileRef = 987A73281F66F65000F73806 /* SwiftPlaygroundsHelper.swift */; };
		9881A14F1F4884C900BABA72 /* ThumbnailProvider.swift in Sources */ = {isa = PBXBuildFile; fileRef = 9881A14E1F4884C900BABA72 /* ThumbnailProvider.swift */; };
		9881A1531F4884CA00BABA72 /* FilterPlaygroundThumbnailExtension.appex in Embed App Extensions */ = {isa = PBXBuildFile; fileRef = 9881A14C1F4884C900BABA72 /* FilterPlaygroundThumbnailExtension.appex */; settings = {ATTRIBUTES = (RemoveHeadersOnCopy, ); }; };
		9881A15F1F4884E700BABA72 /* QuickLook.framework in Frameworks */ = {isa = PBXBuildFile; fileRef = 9881A15E1F4884E700BABA72 /* QuickLook.framework */; };
		9881A1621F4884E700BABA72 /* PreviewViewController.swift in Sources */ = {isa = PBXBuildFile; fileRef = 9881A1611F4884E700BABA72 /* PreviewViewController.swift */; };
		9881A1651F4884E700BABA72 /* MainInterface.storyboard in Resources */ = {isa = PBXBuildFile; fileRef = 9881A1631F4884E700BABA72 /* MainInterface.storyboard */; };
		9881A1691F4884E700BABA72 /* FilterPlaygroundPreviewExtension.appex in Embed App Extensions */ = {isa = PBXBuildFile; fileRef = 9881A15C1F4884E600BABA72 /* FilterPlaygroundPreviewExtension.appex */; settings = {ATTRIBUTES = (RemoveHeadersOnCopy, ); }; };
		9897166B1F67E07400E7C20C /* CIFIlterHelperTests.swift in Sources */ = {isa = PBXBuildFile; fileRef = 9897166A1F67E07400E7C20C /* CIFIlterHelperTests.swift */; };
		989716731F67E3C800E7C20C /* AppDelegate.swift in Sources */ = {isa = PBXBuildFile; fileRef = 989716721F67E3C800E7C20C /* AppDelegate.swift */; };
		989716751F67E3C800E7C20C /* Document.swift in Sources */ = {isa = PBXBuildFile; fileRef = 989716741F67E3C800E7C20C /* Document.swift */; };
		989716781F67E3C800E7C20C /* Document.xib in Resources */ = {isa = PBXBuildFile; fileRef = 989716761F67E3C800E7C20C /* Document.xib */; };
		9897167A1F67E3C800E7C20C /* Assets.xcassets in Resources */ = {isa = PBXBuildFile; fileRef = 989716791F67E3C800E7C20C /* Assets.xcassets */; };
		9897167D1F67E3C800E7C20C /* MainMenu.xib in Resources */ = {isa = PBXBuildFile; fileRef = 9897167B1F67E3C800E7C20C /* MainMenu.xib */; };
		989716891F67E3C900E7C20C /* FilterPlaygroundMacTests.swift in Sources */ = {isa = PBXBuildFile; fileRef = 989716881F67E3C900E7C20C /* FilterPlaygroundMacTests.swift */; };
		989716911F67E47300E7C20C /* CIFilterHelper.swift in Sources */ = {isa = PBXBuildFile; fileRef = 98426C161F670540007C2260 /* CIFilterHelper.swift */; };
		989716931F67E75900E7C20C /* KernelDescriptor.swift in Sources */ = {isa = PBXBuildFile; fileRef = 98A0CC641F2D1A8100FFC0A1 /* KernelDescriptor.swift */; };
		989716941F67E77500E7C20C /* KernelCompiler.swift in Sources */ = {isa = PBXBuildFile; fileRef = 98C5E23C1F34B85C006E7658 /* KernelCompiler.swift */; };
		989716961F67E7B300E7C20C /* CoreImage+Extension.swift in Sources */ = {isa = PBXBuildFile; fileRef = 989716951F67E7B300E7C20C /* CoreImage+Extension.swift */; };
		9897169A1F67E80A00E7C20C /* UIImage+Extension.swift in Sources */ = {isa = PBXBuildFile; fileRef = 989716991F67E80A00E7C20C /* UIImage+Extension.swift */; };
		9897169B1F67E81D00E7C20C /* Extensions.swift in Sources */ = {isa = PBXBuildFile; fileRef = 987672441F2F5355002F9AAF /* Extensions.swift */; };
		9897169C1F67E84A00E7C20C /* Kernel.swift in Sources */ = {isa = PBXBuildFile; fileRef = 981267D31F34BEFC00101027 /* Kernel.swift */; };
		9897169D1F67E8EE00E7C20C /* KernelError.swift in Sources */ = {isa = PBXBuildFile; fileRef = 98C5E23E1F34B8DD006E7658 /* KernelError.swift */; };
		9897169E1F67E93300E7C20C /* ErrorHelper.swift in Sources */ = {isa = PBXBuildFile; fileRef = 980229AB1F2F94F9000FFCA2 /* ErrorHelper.swift */; };
		9897169F1F67E94800E7C20C /* CoreImage+Extension.swift in Sources */ = {isa = PBXBuildFile; fileRef = 989716951F67E7B300E7C20C /* CoreImage+Extension.swift */; };
		989716A01F67E97600E7C20C /* ErrorParser.swift in Sources */ = {isa = PBXBuildFile; fileRef = 980229AD1F2FB88F000FFCA2 /* ErrorParser.swift */; };
		989716A21F67F54C00E7C20C /* Settings.swift in Sources */ = {isa = PBXBuildFile; fileRef = 989716A11F67F54C00E7C20C /* Settings.swift */; };
		989716A31F67F55C00E7C20C /* Settings.swift in Sources */ = {isa = PBXBuildFile; fileRef = 989716A11F67F54C00E7C20C /* Settings.swift */; };
		98A0CC5F1F2D041800FFC0A1 /* AttributesViewController.swift in Sources */ = {isa = PBXBuildFile; fileRef = 98A0CC5E1F2D041800FFC0A1 /* AttributesViewController.swift */; };
		98A0CC631F2D043B00FFC0A1 /* SourceEditorViewController.swift in Sources */ = {isa = PBXBuildFile; fileRef = 98A0CC621F2D043B00FFC0A1 /* SourceEditorViewController.swift */; };
		98A0CC651F2D1A8100FFC0A1 /* KernelDescriptor.swift in Sources */ = {isa = PBXBuildFile; fileRef = 98A0CC641F2D1A8100FFC0A1 /* KernelDescriptor.swift */; };
		98A0CC671F2D1D5000FFC0A1 /* KernelAttributeTableViewCell.swift in Sources */ = {isa = PBXBuildFile; fileRef = 98A0CC661F2D1D5000FFC0A1 /* KernelAttributeTableViewCell.swift */; };
		98A0CC691F2D354C00FFC0A1 /* NumberedTextView.swift in Sources */ = {isa = PBXBuildFile; fileRef = 98A0CC681F2D354C00FFC0A1 /* NumberedTextView.swift */; };
		98A67FB01F3A170C0043AA9D /* CircularSlider.swift in Sources */ = {isa = PBXBuildFile; fileRef = 98A67FAF1F3A170C0043AA9D /* CircularSlider.swift */; };
		98A67FB21F3A17820043AA9D /* FloatPickerViewController.swift in Sources */ = {isa = PBXBuildFile; fileRef = 98A67FB11F3A17820043AA9D /* FloatPickerViewController.swift */; };
		98A67FB61F3A29DA0043AA9D /* FloatSelectionButton.swift in Sources */ = {isa = PBXBuildFile; fileRef = 98A67FB51F3A29DA0043AA9D /* FloatSelectionButton.swift */; };
		98AE92A91F3900290044E33F /* LiveViewController.swift in Sources */ = {isa = PBXBuildFile; fileRef = 98AE92A81F3900290044E33F /* LiveViewController.swift */; };
		98B7B6E91F4757B5008C370F /* ExportTableViewController.swift in Sources */ = {isa = PBXBuildFile; fileRef = 98B7B6E81F4757B4008C370F /* ExportTableViewController.swift */; };
		98C5E2371F34A860006E7658 /* SavingDocumentTests.swift in Sources */ = {isa = PBXBuildFile; fileRef = 98C5E2361F34A860006E7658 /* SavingDocumentTests.swift */; };
		98C5E23B1F34B5C5006E7658 /* ErrorHelperTests.swift in Sources */ = {isa = PBXBuildFile; fileRef = 98C5E23A1F34B5C5006E7658 /* ErrorHelperTests.swift */; };
		98C5E23D1F34B85C006E7658 /* KernelCompiler.swift in Sources */ = {isa = PBXBuildFile; fileRef = 98C5E23C1F34B85C006E7658 /* KernelCompiler.swift */; };
		98C5E23F1F34B8DD006E7658 /* KernelError.swift in Sources */ = {isa = PBXBuildFile; fileRef = 98C5E23E1F34B8DD006E7658 /* KernelError.swift */; };
		98C5E2411F34B9B2006E7658 /* KernelCompilerTests.swift in Sources */ = {isa = PBXBuildFile; fileRef = 98C5E2401F34B9B2006E7658 /* KernelCompilerTests.swift */; };
		98C6FE861F3832AE00D0E840 /* ASTTests.swift in Sources */ = {isa = PBXBuildFile; fileRef = 98C6FE851F3832AE00D0E840 /* ASTTests.swift */; };
		98CED5E21F2DE71400E4F071 /* SelectTypeViewController.swift in Sources */ = {isa = PBXBuildFile; fileRef = 98CED5E11F2DE71400E4F071 /* SelectTypeViewController.swift */; };
		98DC562C1F3CEF1C0024F522 /* ValuePicker.storyboard in Resources */ = {isa = PBXBuildFile; fileRef = 98DC562A1F3CEF1C0024F522 /* ValuePicker.storyboard */; };
		98E5AD0E1F2E87280047AC2E /* RendererTests.swift in Sources */ = {isa = PBXBuildFile; fileRef = 98E5AD0D1F2E87280047AC2E /* RendererTests.swift */; };
		98E692E71F30C5EA000C8B41 /* DocumentBrowserViewController.swift in Sources */ = {isa = PBXBuildFile; fileRef = 98E692E61F30C5EA000C8B41 /* DocumentBrowserViewController.swift */; };
		98E692E91F30C832000C8B41 /* Document.swift in Sources */ = {isa = PBXBuildFile; fileRef = 98E692E81F30C832000C8B41 /* Document.swift */; };
		98E692EE1F30DF8D000C8B41 /* ProjectMetaData.swift in Sources */ = {isa = PBXBuildFile; fileRef = 98E692ED1F30DF8D000C8B41 /* ProjectMetaData.swift */; };
/* End PBXBuildFile section */

/* Begin PBXContainerItemProxy section */
		985A42171F2CF8F300636E72 /* PBXContainerItemProxy */ = {
			isa = PBXContainerItemProxy;
			containerPortal = 985A41FA1F2CF8F200636E72 /* Project object */;
			proxyType = 1;
			remoteGlobalIDString = 985A42011F2CF8F200636E72;
			remoteInfo = FilterPlayground;
		};
		985A42221F2CF8F300636E72 /* PBXContainerItemProxy */ = {
			isa = PBXContainerItemProxy;
			containerPortal = 985A41FA1F2CF8F200636E72 /* Project object */;
			proxyType = 1;
			remoteGlobalIDString = 985A42011F2CF8F200636E72;
			remoteInfo = FilterPlayground;
		};
		9881A1511F4884CA00BABA72 /* PBXContainerItemProxy */ = {
			isa = PBXContainerItemProxy;
			containerPortal = 985A41FA1F2CF8F200636E72 /* Project object */;
			proxyType = 1;
			remoteGlobalIDString = 9881A14B1F4884C900BABA72;
			remoteInfo = FilterPlaygroundThumbnailExtension;
		};
		9881A1671F4884E700BABA72 /* PBXContainerItemProxy */ = {
			isa = PBXContainerItemProxy;
			containerPortal = 985A41FA1F2CF8F200636E72 /* Project object */;
			proxyType = 1;
			remoteGlobalIDString = 9881A15B1F4884E600BABA72;
			remoteInfo = FilterPlaygroundPreviewExtension;
		};
		989716851F67E3C900E7C20C /* PBXContainerItemProxy */ = {
			isa = PBXContainerItemProxy;
			containerPortal = 985A41FA1F2CF8F200636E72 /* Project object */;
			proxyType = 1;
			remoteGlobalIDString = 9897166F1F67E3C800E7C20C;
			remoteInfo = FilterPlaygroundMac;
		};
/* End PBXContainerItemProxy section */

/* Begin PBXCopyFilesBuildPhase section */
		9881A1571F4884CA00BABA72 /* Embed App Extensions */ = {
			isa = PBXCopyFilesBuildPhase;
			buildActionMask = 2147483647;
			dstPath = "";
			dstSubfolderSpec = 13;
			files = (
				9881A1691F4884E700BABA72 /* FilterPlaygroundPreviewExtension.appex in Embed App Extensions */,
				9881A1531F4884CA00BABA72 /* FilterPlaygroundThumbnailExtension.appex in Embed App Extensions */,
			);
			name = "Embed App Extensions";
			runOnlyForDeploymentPostprocessing = 0;
		};
/* End PBXCopyFilesBuildPhase section */

/* Begin PBXFileReference section */
		980229AB1F2F94F9000FFCA2 /* ErrorHelper.swift */ = {isa = PBXFileReference; lastKnownFileType = sourcecode.swift; path = ErrorHelper.swift; sourceTree = "<group>"; };
		980229AD1F2FB88F000FFCA2 /* ErrorParser.swift */ = {isa = PBXFileReference; lastKnownFileType = sourcecode.swift; path = ErrorParser.swift; sourceTree = "<group>"; };
		980229AF1F2FBF18000FFCA2 /* ErrorParserTests.swift */ = {isa = PBXFileReference; lastKnownFileType = sourcecode.swift; path = ErrorParserTests.swift; sourceTree = "<group>"; };
		980229B11F2FCF41000FFCA2 /* ErrorTableViewCell.swift */ = {isa = PBXFileReference; lastKnownFileType = sourcecode.swift; path = ErrorTableViewCell.swift; sourceTree = "<group>"; };
		981267D31F34BEFC00101027 /* Kernel.swift */ = {isa = PBXFileReference; lastKnownFileType = sourcecode.swift; path = Kernel.swift; sourceTree = "<group>"; };
		982DC6351F3FA1D1005DE418 /* ViewDraggingIndicator.swift */ = {isa = PBXFileReference; lastKnownFileType = sourcecode.swift; path = ViewDraggingIndicator.swift; sourceTree = "<group>"; };
		98316DCA1F44F4A30042F653 /* VectorValuePicker.swift */ = {isa = PBXFileReference; lastKnownFileType = sourcecode.swift; path = VectorValuePicker.swift; sourceTree = "<group>"; };
		9841EC741F3663AE00A8E3CA /* Theme.swift */ = {isa = PBXFileReference; lastKnownFileType = sourcecode.swift; path = Theme.swift; sourceTree = "<group>"; };
		9841EC761F36675000A8E3CA /* ThemingTests.swift */ = {isa = PBXFileReference; lastKnownFileType = sourcecode.swift; path = ThemingTests.swift; sourceTree = "<group>"; };
		98426C161F670540007C2260 /* CIFilterHelper.swift */ = {isa = PBXFileReference; lastKnownFileType = sourcecode.swift; path = CIFilterHelper.swift; sourceTree = "<group>"; };
		9845C6101F38F44100F38283 /* NewProjectViewController.swift */ = {isa = PBXFileReference; lastKnownFileType = sourcecode.swift; path = NewProjectViewController.swift; sourceTree = "<group>"; };
		9848C4431F3B9B58001E079C /* SettingsTableViewController.swift */ = {isa = PBXFileReference; lastKnownFileType = sourcecode.swift; path = SettingsTableViewController.swift; sourceTree = "<group>"; };
		984D9FA31F2E824B004AFD74 /* ParserTests.swift */ = {isa = PBXFileReference; lastKnownFileType = sourcecode.swift; path = ParserTests.swift; sourceTree = "<group>"; };
		985668401F2E60EB00297A4E /* Parser.swift */ = {isa = PBXFileReference; lastKnownFileType = sourcecode.swift; path = Parser.swift; sourceTree = "<group>"; };
		985668421F2E6ABE00297A4E /* TokenizerTests.swift */ = {isa = PBXFileReference; lastKnownFileType = sourcecode.swift; path = TokenizerTests.swift; sourceTree = "<group>"; };
		985A42021F2CF8F200636E72 /* FilterPlayground.app */ = {isa = PBXFileReference; explicitFileType = wrapper.application; includeInIndex = 0; path = FilterPlayground.app; sourceTree = BUILT_PRODUCTS_DIR; };
		985A42051F2CF8F200636E72 /* AppDelegate.swift */ = {isa = PBXFileReference; lastKnownFileType = sourcecode.swift; path = AppDelegate.swift; sourceTree = "<group>"; };
		985A42071F2CF8F200636E72 /* MainViewController.swift */ = {isa = PBXFileReference; lastKnownFileType = sourcecode.swift; path = MainViewController.swift; sourceTree = "<group>"; };
		985A420A1F2CF8F200636E72 /* Base */ = {isa = PBXFileReference; lastKnownFileType = file.storyboard; name = Base; path = Base.lproj/Main.storyboard; sourceTree = "<group>"; };
		985A420C1F2CF8F200636E72 /* Assets.xcassets */ = {isa = PBXFileReference; lastKnownFileType = folder.assetcatalog; path = Assets.xcassets; sourceTree = "<group>"; };
		985A420F1F2CF8F200636E72 /* Base */ = {isa = PBXFileReference; lastKnownFileType = file.storyboard; name = Base; path = Base.lproj/LaunchScreen.storyboard; sourceTree = "<group>"; };
		985A42111F2CF8F200636E72 /* Info.plist */ = {isa = PBXFileReference; lastKnownFileType = text.plist.xml; path = Info.plist; sourceTree = "<group>"; };
		985A42161F2CF8F300636E72 /* FilterPlaygroundTests.xctest */ = {isa = PBXFileReference; explicitFileType = wrapper.cfbundle; includeInIndex = 0; path = FilterPlaygroundTests.xctest; sourceTree = BUILT_PRODUCTS_DIR; };
		985A421C1F2CF8F300636E72 /* Info.plist */ = {isa = PBXFileReference; lastKnownFileType = text.plist.xml; path = Info.plist; sourceTree = "<group>"; };
		985A42211F2CF8F300636E72 /* FilterPlaygroundUITests.xctest */ = {isa = PBXFileReference; explicitFileType = wrapper.cfbundle; includeInIndex = 0; path = FilterPlaygroundUITests.xctest; sourceTree = BUILT_PRODUCTS_DIR; };
		985A42251F2CF8F300636E72 /* FilterPlaygroundUITests.swift */ = {isa = PBXFileReference; lastKnownFileType = sourcecode.swift; path = FilterPlaygroundUITests.swift; sourceTree = "<group>"; };
		985A42271F2CF8F300636E72 /* Info.plist */ = {isa = PBXFileReference; lastKnownFileType = text.plist.xml; path = Info.plist; sourceTree = "<group>"; };
		985A42351F2CFEE800636E72 /* CustomImageView.swift */ = {isa = PBXFileReference; lastKnownFileType = sourcecode.swift; path = CustomImageView.swift; sourceTree = "<group>"; };
		986112821F3CF14400BF0C3D /* ColorPickerViewController.swift */ = {isa = PBXFileReference; lastKnownFileType = sourcecode.swift; path = ColorPickerViewController.swift; sourceTree = "<group>"; };
		9868A8C01F3712EB00D0BC79 /* AST.swift */ = {isa = PBXFileReference; lastKnownFileType = sourcecode.swift; path = AST.swift; sourceTree = "<group>"; };
		986AA72A1F62F51C008F2091 /* TemplatesManager.swift */ = {isa = PBXFileReference; lastKnownFileType = sourcecode.swift; path = TemplatesManager.swift; sourceTree = "<group>"; };
		986AA72C1F62F679008F2091 /* TemplatesManagerTests.swift */ = {isa = PBXFileReference; lastKnownFileType = sourcecode.swift; path = TemplatesManagerTests.swift; sourceTree = "<group>"; };
		986AA72E1F62FD2D008F2091 /* test 3.kernelProj */ = {isa = PBXFileReference; lastKnownFileType = wrapper; path = "test 3.kernelProj"; sourceTree = "<group>"; };
		986AA72F1F62FD34008F2091 /* test 2.kernelProj */ = {isa = PBXFileReference; lastKnownFileType = wrapper; path = "test 2.kernelProj"; sourceTree = "<group>"; };
		986AA7301F62FD36008F2091 /* test 4.kernelProj */ = {isa = PBXFileReference; lastKnownFileType = wrapper; path = "test 4.kernelProj"; sourceTree = "<group>"; };
		986AA7311F62FD38008F2091 /* test.kernelProj */ = {isa = PBXFileReference; lastKnownFileType = wrapper; path = test.kernelProj; sourceTree = "<group>"; };
		986AA7361F62FF76008F2091 /* SelectTemplateTableViewController.swift */ = {isa = PBXFileReference; lastKnownFileType = sourcecode.swift; path = SelectTemplateTableViewController.swift; sourceTree = "<group>"; };
		987672441F2F5355002F9AAF /* Extensions.swift */ = {isa = PBXFileReference; lastKnownFileType = sourcecode.swift; path = Extensions.swift; sourceTree = "<group>"; };
		987A73281F66F65000F73806 /* SwiftPlaygroundsHelper.swift */ = {isa = PBXFileReference; lastKnownFileType = sourcecode.swift; path = SwiftPlaygroundsHelper.swift; sourceTree = "<group>"; };
		9881A14C1F4884C900BABA72 /* FilterPlaygroundThumbnailExtension.appex */ = {isa = PBXFileReference; explicitFileType = "wrapper.app-extension"; includeInIndex = 0; path = FilterPlaygroundThumbnailExtension.appex; sourceTree = BUILT_PRODUCTS_DIR; };
		9881A14E1F4884C900BABA72 /* ThumbnailProvider.swift */ = {isa = PBXFileReference; lastKnownFileType = sourcecode.swift; path = ThumbnailProvider.swift; sourceTree = "<group>"; };
		9881A1501F4884C900BABA72 /* Info.plist */ = {isa = PBXFileReference; lastKnownFileType = text.plist.xml; path = Info.plist; sourceTree = "<group>"; };
		9881A15C1F4884E600BABA72 /* FilterPlaygroundPreviewExtension.appex */ = {isa = PBXFileReference; explicitFileType = "wrapper.app-extension"; includeInIndex = 0; path = FilterPlaygroundPreviewExtension.appex; sourceTree = BUILT_PRODUCTS_DIR; };
		9881A15E1F4884E700BABA72 /* QuickLook.framework */ = {isa = PBXFileReference; lastKnownFileType = wrapper.framework; name = QuickLook.framework; path = System/Library/Frameworks/QuickLook.framework; sourceTree = SDKROOT; };
		9881A1611F4884E700BABA72 /* PreviewViewController.swift */ = {isa = PBXFileReference; lastKnownFileType = sourcecode.swift; path = PreviewViewController.swift; sourceTree = "<group>"; };
		9881A1641F4884E700BABA72 /* Base */ = {isa = PBXFileReference; lastKnownFileType = file.storyboard; name = Base; path = Base.lproj/MainInterface.storyboard; sourceTree = "<group>"; };
		9881A1661F4884E700BABA72 /* Info.plist */ = {isa = PBXFileReference; lastKnownFileType = text.plist.xml; path = Info.plist; sourceTree = "<group>"; };
		9897166A1F67E07400E7C20C /* CIFIlterHelperTests.swift */ = {isa = PBXFileReference; lastKnownFileType = sourcecode.swift; path = CIFIlterHelperTests.swift; sourceTree = "<group>"; };
		989716701F67E3C800E7C20C /* FilterPlaygroundMac.app */ = {isa = PBXFileReference; explicitFileType = wrapper.application; includeInIndex = 0; path = FilterPlaygroundMac.app; sourceTree = BUILT_PRODUCTS_DIR; };
		989716721F67E3C800E7C20C /* AppDelegate.swift */ = {isa = PBXFileReference; lastKnownFileType = sourcecode.swift; path = AppDelegate.swift; sourceTree = "<group>"; };
		989716741F67E3C800E7C20C /* Document.swift */ = {isa = PBXFileReference; lastKnownFileType = sourcecode.swift; path = Document.swift; sourceTree = "<group>"; };
		989716771F67E3C800E7C20C /* Base */ = {isa = PBXFileReference; lastKnownFileType = file.xib; name = Base; path = Base.lproj/Document.xib; sourceTree = "<group>"; };
		989716791F67E3C800E7C20C /* Assets.xcassets */ = {isa = PBXFileReference; lastKnownFileType = folder.assetcatalog; path = Assets.xcassets; sourceTree = "<group>"; };
		9897167C1F67E3C800E7C20C /* Base */ = {isa = PBXFileReference; lastKnownFileType = file.xib; name = Base; path = Base.lproj/MainMenu.xib; sourceTree = "<group>"; };
		9897167E1F67E3C800E7C20C /* Info.plist */ = {isa = PBXFileReference; lastKnownFileType = text.plist.xml; path = Info.plist; sourceTree = "<group>"; };
		9897167F1F67E3C800E7C20C /* FilterPlaygroundMac.entitlements */ = {isa = PBXFileReference; lastKnownFileType = text.plist.entitlements; path = FilterPlaygroundMac.entitlements; sourceTree = "<group>"; };
		989716841F67E3C900E7C20C /* FilterPlaygroundMacTests.xctest */ = {isa = PBXFileReference; explicitFileType = wrapper.cfbundle; includeInIndex = 0; path = FilterPlaygroundMacTests.xctest; sourceTree = BUILT_PRODUCTS_DIR; };
		989716881F67E3C900E7C20C /* FilterPlaygroundMacTests.swift */ = {isa = PBXFileReference; lastKnownFileType = sourcecode.swift; path = FilterPlaygroundMacTests.swift; sourceTree = "<group>"; };
		9897168A1F67E3C900E7C20C /* Info.plist */ = {isa = PBXFileReference; lastKnownFileType = text.plist.xml; path = Info.plist; sourceTree = "<group>"; };
		989716951F67E7B300E7C20C /* CoreImage+Extension.swift */ = {isa = PBXFileReference; lastKnownFileType = sourcecode.swift; path = "CoreImage+Extension.swift"; sourceTree = "<group>"; };
		989716991F67E80A00E7C20C /* UIImage+Extension.swift */ = {isa = PBXFileReference; lastKnownFileType = sourcecode.swift; path = "UIImage+Extension.swift"; sourceTree = "<group>"; };
		989716A11F67F54C00E7C20C /* Settings.swift */ = {isa = PBXFileReference; lastKnownFileType = sourcecode.swift; path = Settings.swift; sourceTree = "<group>"; };
		98A0CC5E1F2D041800FFC0A1 /* AttributesViewController.swift */ = {isa = PBXFileReference; lastKnownFileType = sourcecode.swift; path = AttributesViewController.swift; sourceTree = "<group>"; };
		98A0CC621F2D043B00FFC0A1 /* SourceEditorViewController.swift */ = {isa = PBXFileReference; lastKnownFileType = sourcecode.swift; path = SourceEditorViewController.swift; sourceTree = "<group>"; };
		98A0CC641F2D1A8100FFC0A1 /* KernelDescriptor.swift */ = {isa = PBXFileReference; lastKnownFileType = sourcecode.swift; path = KernelDescriptor.swift; sourceTree = "<group>"; };
		98A0CC661F2D1D5000FFC0A1 /* KernelAttributeTableViewCell.swift */ = {isa = PBXFileReference; lastKnownFileType = sourcecode.swift; path = KernelAttributeTableViewCell.swift; sourceTree = "<group>"; };
		98A0CC681F2D354C00FFC0A1 /* NumberedTextView.swift */ = {isa = PBXFileReference; lastKnownFileType = sourcecode.swift; path = NumberedTextView.swift; sourceTree = "<group>"; };
		98A67FAF1F3A170C0043AA9D /* CircularSlider.swift */ = {isa = PBXFileReference; lastKnownFileType = sourcecode.swift; path = CircularSlider.swift; sourceTree = "<group>"; };
		98A67FB11F3A17820043AA9D /* FloatPickerViewController.swift */ = {isa = PBXFileReference; lastKnownFileType = sourcecode.swift; path = FloatPickerViewController.swift; sourceTree = "<group>"; };
		98A67FB51F3A29DA0043AA9D /* FloatSelectionButton.swift */ = {isa = PBXFileReference; lastKnownFileType = sourcecode.swift; path = FloatSelectionButton.swift; sourceTree = "<group>"; };
		98AE92A81F3900290044E33F /* LiveViewController.swift */ = {isa = PBXFileReference; lastKnownFileType = sourcecode.swift; path = LiveViewController.swift; sourceTree = "<group>"; };
		98B7B6E81F4757B4008C370F /* ExportTableViewController.swift */ = {isa = PBXFileReference; lastKnownFileType = sourcecode.swift; path = ExportTableViewController.swift; sourceTree = "<group>"; };
		98C5E2361F34A860006E7658 /* SavingDocumentTests.swift */ = {isa = PBXFileReference; lastKnownFileType = sourcecode.swift; path = SavingDocumentTests.swift; sourceTree = "<group>"; };
		98C5E23A1F34B5C5006E7658 /* ErrorHelperTests.swift */ = {isa = PBXFileReference; lastKnownFileType = sourcecode.swift; path = ErrorHelperTests.swift; sourceTree = "<group>"; };
		98C5E23C1F34B85C006E7658 /* KernelCompiler.swift */ = {isa = PBXFileReference; lastKnownFileType = sourcecode.swift; path = KernelCompiler.swift; sourceTree = "<group>"; };
		98C5E23E1F34B8DD006E7658 /* KernelError.swift */ = {isa = PBXFileReference; lastKnownFileType = sourcecode.swift; path = KernelError.swift; sourceTree = "<group>"; };
		98C5E2401F34B9B2006E7658 /* KernelCompilerTests.swift */ = {isa = PBXFileReference; lastKnownFileType = sourcecode.swift; path = KernelCompilerTests.swift; sourceTree = "<group>"; };
		98C6FE851F3832AE00D0E840 /* ASTTests.swift */ = {isa = PBXFileReference; lastKnownFileType = sourcecode.swift; path = ASTTests.swift; sourceTree = "<group>"; };
		98CED5E11F2DE71400E4F071 /* SelectTypeViewController.swift */ = {isa = PBXFileReference; lastKnownFileType = sourcecode.swift; path = SelectTypeViewController.swift; sourceTree = "<group>"; };
		98D475AC1F3BB88C0080D794 /* iconlarge.png */ = {isa = PBXFileReference; lastKnownFileType = image.png; path = iconlarge.png; sourceTree = "<group>"; };
		98D475AD1F3BB88D0080D794 /* Iconsmall.png */ = {isa = PBXFileReference; lastKnownFileType = image.png; path = Iconsmall.png; sourceTree = "<group>"; };
		98DC562B1F3CEF1C0024F522 /* Base */ = {isa = PBXFileReference; lastKnownFileType = file.storyboard; name = Base; path = FilterPlayground/Base.lproj/ValuePicker.storyboard; sourceTree = "<group>"; };
		98E5AD0D1F2E87280047AC2E /* RendererTests.swift */ = {isa = PBXFileReference; lastKnownFileType = sourcecode.swift; path = RendererTests.swift; sourceTree = "<group>"; };
		98E692E61F30C5EA000C8B41 /* DocumentBrowserViewController.swift */ = {isa = PBXFileReference; lastKnownFileType = sourcecode.swift; path = DocumentBrowserViewController.swift; sourceTree = "<group>"; };
		98E692E81F30C832000C8B41 /* Document.swift */ = {isa = PBXFileReference; lastKnownFileType = sourcecode.swift; path = Document.swift; sourceTree = "<group>"; };
		98E692ED1F30DF8D000C8B41 /* ProjectMetaData.swift */ = {isa = PBXFileReference; lastKnownFileType = sourcecode.swift; path = ProjectMetaData.swift; sourceTree = "<group>"; };
/* End PBXFileReference section */

/* Begin PBXFrameworksBuildPhase section */
		985A41FF1F2CF8F200636E72 /* Frameworks */ = {
			isa = PBXFrameworksBuildPhase;
			buildActionMask = 2147483647;
			files = (
			);
			runOnlyForDeploymentPostprocessing = 0;
		};
		985A42131F2CF8F300636E72 /* Frameworks */ = {
			isa = PBXFrameworksBuildPhase;
			buildActionMask = 2147483647;
			files = (
			);
			runOnlyForDeploymentPostprocessing = 0;
		};
		985A421E1F2CF8F300636E72 /* Frameworks */ = {
			isa = PBXFrameworksBuildPhase;
			buildActionMask = 2147483647;
			files = (
			);
			runOnlyForDeploymentPostprocessing = 0;
		};
		9881A1491F4884C900BABA72 /* Frameworks */ = {
			isa = PBXFrameworksBuildPhase;
			buildActionMask = 2147483647;
			files = (
			);
			runOnlyForDeploymentPostprocessing = 0;
		};
		9881A1591F4884E600BABA72 /* Frameworks */ = {
			isa = PBXFrameworksBuildPhase;
			buildActionMask = 2147483647;
			files = (
				9881A15F1F4884E700BABA72 /* QuickLook.framework in Frameworks */,
			);
			runOnlyForDeploymentPostprocessing = 0;
		};
		9897166D1F67E3C800E7C20C /* Frameworks */ = {
			isa = PBXFrameworksBuildPhase;
			buildActionMask = 2147483647;
			files = (
			);
			runOnlyForDeploymentPostprocessing = 0;
		};
		989716811F67E3C900E7C20C /* Frameworks */ = {
			isa = PBXFrameworksBuildPhase;
			buildActionMask = 2147483647;
			files = (
			);
			runOnlyForDeploymentPostprocessing = 0;
		};
/* End PBXFrameworksBuildPhase section */

/* Begin PBXGroup section */
		981267D21F34BEDB00101027 /* Compiler */ = {
			isa = PBXGroup;
			children = (
				981267D31F34BEFC00101027 /* Kernel.swift */,
				98C5E23C1F34B85C006E7658 /* KernelCompiler.swift */,
				980229AB1F2F94F9000FFCA2 /* ErrorHelper.swift */,
				980229AD1F2FB88F000FFCA2 /* ErrorParser.swift */,
				98C5E23E1F34B8DD006E7658 /* KernelError.swift */,
			);
			path = Compiler;
			sourceTree = "<group>";
		};
		9841EC731F36639B00A8E3CA /* Theming */ = {
			isa = PBXGroup;
			children = (
				9841EC741F3663AE00A8E3CA /* Theme.swift */,
			);
			path = Theming;
			sourceTree = "<group>";
		};
		9845C60F1F38F42500F38283 /* Create Project */ = {
			isa = PBXGroup;
			children = (
				986AA7291F62F4FE008F2091 /* Templates */,
				98E692E61F30C5EA000C8B41 /* DocumentBrowserViewController.swift */,
				9845C6101F38F44100F38283 /* NewProjectViewController.swift */,
			);
			path = "Create Project";
			sourceTree = "<group>";
		};
		985A41F91F2CF8F200636E72 = {
			isa = PBXGroup;
			children = (
				985A42041F2CF8F200636E72 /* FilterPlayground */,
				985A42191F2CF8F300636E72 /* FilterPlaygroundTests */,
				985A42241F2CF8F300636E72 /* FilterPlaygroundUITests */,
				9881A14D1F4884C900BABA72 /* FilterPlaygroundThumbnailExtension */,
				9881A1601F4884E700BABA72 /* FilterPlaygroundPreviewExtension */,
				989716711F67E3C800E7C20C /* FilterPlaygroundMac */,
				989716871F67E3C900E7C20C /* FilterPlaygroundMacTests */,
				9881A15D1F4884E700BABA72 /* Frameworks */,
				985A42031F2CF8F200636E72 /* Products */,
			);
			sourceTree = "<group>";
		};
		985A42031F2CF8F200636E72 /* Products */ = {
			isa = PBXGroup;
			children = (
				985A42021F2CF8F200636E72 /* FilterPlayground.app */,
				985A42161F2CF8F300636E72 /* FilterPlaygroundTests.xctest */,
				985A42211F2CF8F300636E72 /* FilterPlaygroundUITests.xctest */,
				9881A14C1F4884C900BABA72 /* FilterPlaygroundThumbnailExtension.appex */,
				9881A15C1F4884E600BABA72 /* FilterPlaygroundPreviewExtension.appex */,
				989716701F67E3C800E7C20C /* FilterPlaygroundMac.app */,
				989716841F67E3C900E7C20C /* FilterPlaygroundMacTests.xctest */,
			);
			name = Products;
			sourceTree = "<group>";
		};
		985A42041F2CF8F200636E72 /* FilterPlayground */ = {
			isa = PBXGroup;
			children = (
				98D475AE1F3BB8920080D794 /* Resources */,
				9845C60F1F38F42500F38283 /* Create Project */,
				9841EC731F36639B00A8E3CA /* Theming */,
				98E692EC1F30DF75000C8B41 /* Model */,
				985A42051F2CF8F200636E72 /* AppDelegate.swift */,
				985A42071F2CF8F200636E72 /* MainViewController.swift */,
				985A42091F2CF8F200636E72 /* Main.storyboard */,
				985A420C1F2CF8F200636E72 /* Assets.xcassets */,
				985A420E1F2CF8F200636E72 /* LaunchScreen.storyboard */,
				985A42111F2CF8F200636E72 /* Info.plist */,
				98D919A01F2E05AB007D5234 /* Images View */,
				98D9199E1F2E0585007D5234 /* Sourceeditor View */,
				98D9199D1F2E0578007D5234 /* Attributes View */,
				989716981F67E7F300E7C20C /* Extensions */,
				981267D21F34BEDB00101027 /* Compiler */,
				9848C4431F3B9B58001E079C /* SettingsTableViewController.swift */,
				982DC6351F3FA1D1005DE418 /* ViewDraggingIndicator.swift */,
				987A73271F66F63800F73806 /* Export */,
				989716A11F67F54C00E7C20C /* Settings.swift */,
			);
			path = FilterPlayground;
			sourceTree = "<group>";
		};
		985A42191F2CF8F300636E72 /* FilterPlaygroundTests */ = {
			isa = PBXGroup;
			children = (
				985A421C1F2CF8F300636E72 /* Info.plist */,
				985668421F2E6ABE00297A4E /* TokenizerTests.swift */,
				984D9FA31F2E824B004AFD74 /* ParserTests.swift */,
				98E5AD0D1F2E87280047AC2E /* RendererTests.swift */,
				980229AF1F2FBF18000FFCA2 /* ErrorParserTests.swift */,
				98C5E2361F34A860006E7658 /* SavingDocumentTests.swift */,
				98C5E23A1F34B5C5006E7658 /* ErrorHelperTests.swift */,
				98C5E2401F34B9B2006E7658 /* KernelCompilerTests.swift */,
				9841EC761F36675000A8E3CA /* ThemingTests.swift */,
				98C6FE851F3832AE00D0E840 /* ASTTests.swift */,
				986AA72C1F62F679008F2091 /* TemplatesManagerTests.swift */,
				9897166A1F67E07400E7C20C /* CIFIlterHelperTests.swift */,
			);
			path = FilterPlaygroundTests;
			sourceTree = "<group>";
		};
		985A42241F2CF8F300636E72 /* FilterPlaygroundUITests */ = {
			isa = PBXGroup;
			children = (
				985A42251F2CF8F300636E72 /* FilterPlaygroundUITests.swift */,
				985A42271F2CF8F300636E72 /* Info.plist */,
			);
			path = FilterPlaygroundUITests;
			sourceTree = "<group>";
		};
		986AA7291F62F4FE008F2091 /* Templates */ = {
			isa = PBXGroup;
			children = (
				986AA72F1F62FD34008F2091 /* test 2.kernelProj */,
				986AA72E1F62FD2D008F2091 /* test 3.kernelProj */,
				986AA7301F62FD36008F2091 /* test 4.kernelProj */,
				986AA7311F62FD38008F2091 /* test.kernelProj */,
				986AA72A1F62F51C008F2091 /* TemplatesManager.swift */,
				986AA7361F62FF76008F2091 /* SelectTemplateTableViewController.swift */,
			);
			path = Templates;
			sourceTree = "<group>";
		};
		987A73271F66F63800F73806 /* Export */ = {
			isa = PBXGroup;
			children = (
				98B7B6E81F4757B4008C370F /* ExportTableViewController.swift */,
				987A73281F66F65000F73806 /* SwiftPlaygroundsHelper.swift */,
				98426C161F670540007C2260 /* CIFilterHelper.swift */,
			);
			path = Export;
			sourceTree = "<group>";
		};
		9881A14D1F4884C900BABA72 /* FilterPlaygroundThumbnailExtension */ = {
			isa = PBXGroup;
			children = (
				9881A14E1F4884C900BABA72 /* ThumbnailProvider.swift */,
				9881A1501F4884C900BABA72 /* Info.plist */,
			);
			path = FilterPlaygroundThumbnailExtension;
			sourceTree = "<group>";
		};
		9881A15D1F4884E700BABA72 /* Frameworks */ = {
			isa = PBXGroup;
			children = (
				9881A15E1F4884E700BABA72 /* QuickLook.framework */,
			);
			name = Frameworks;
			sourceTree = "<group>";
		};
		9881A1601F4884E700BABA72 /* FilterPlaygroundPreviewExtension */ = {
			isa = PBXGroup;
			children = (
				9881A1611F4884E700BABA72 /* PreviewViewController.swift */,
				9881A1631F4884E700BABA72 /* MainInterface.storyboard */,
				9881A1661F4884E700BABA72 /* Info.plist */,
			);
			path = FilterPlaygroundPreviewExtension;
			sourceTree = "<group>";
		};
		989716711F67E3C800E7C20C /* FilterPlaygroundMac */ = {
			isa = PBXGroup;
			children = (
				989716721F67E3C800E7C20C /* AppDelegate.swift */,
				989716741F67E3C800E7C20C /* Document.swift */,
				989716761F67E3C800E7C20C /* Document.xib */,
				989716791F67E3C800E7C20C /* Assets.xcassets */,
				9897167B1F67E3C800E7C20C /* MainMenu.xib */,
				9897167E1F67E3C800E7C20C /* Info.plist */,
				9897167F1F67E3C800E7C20C /* FilterPlaygroundMac.entitlements */,
			);
			path = FilterPlaygroundMac;
			sourceTree = "<group>";
		};
		989716871F67E3C900E7C20C /* FilterPlaygroundMacTests */ = {
			isa = PBXGroup;
			children = (
				989716881F67E3C900E7C20C /* FilterPlaygroundMacTests.swift */,
				9897168A1F67E3C900E7C20C /* Info.plist */,
			);
			path = FilterPlaygroundMacTests;
			sourceTree = "<group>";
		};
		989716981F67E7F300E7C20C /* Extensions */ = {
			isa = PBXGroup;
			children = (
				987672441F2F5355002F9AAF /* Extensions.swift */,
				989716951F67E7B300E7C20C /* CoreImage+Extension.swift */,
				989716991F67E80A00E7C20C /* UIImage+Extension.swift */,
			);
			path = Extensions;
			sourceTree = "<group>";
		};
		98D475AE1F3BB8920080D794 /* Resources */ = {
			isa = PBXGroup;
			children = (
				98D475AC1F3BB88C0080D794 /* iconlarge.png */,
				98D475AD1F3BB88D0080D794 /* Iconsmall.png */,
			);
			path = Resources;
			sourceTree = "<group>";
		};
		98D9199D1F2E0578007D5234 /* Attributes View */ = {
			isa = PBXGroup;
			children = (
				98DC562A1F3CEF1C0024F522 /* ValuePicker.storyboard */,
				98A0CC641F2D1A8100FFC0A1 /* KernelDescriptor.swift */,
				98A0CC5E1F2D041800FFC0A1 /* AttributesViewController.swift */,
				98A0CC661F2D1D5000FFC0A1 /* KernelAttributeTableViewCell.swift */,
				98CED5E11F2DE71400E4F071 /* SelectTypeViewController.swift */,
				98A67FAF1F3A170C0043AA9D /* CircularSlider.swift */,
				98A67FB11F3A17820043AA9D /* FloatPickerViewController.swift */,
				98A67FB51F3A29DA0043AA9D /* FloatSelectionButton.swift */,
				986112821F3CF14400BF0C3D /* ColorPickerViewController.swift */,
				98316DCA1F44F4A30042F653 /* VectorValuePicker.swift */,
			);
			path = "Attributes View";
			sourceTree = "<group>";
		};
		98D9199E1F2E0585007D5234 /* Sourceeditor View */ = {
			isa = PBXGroup;
			children = (
				98A0CC681F2D354C00FFC0A1 /* NumberedTextView.swift */,
				98A0CC621F2D043B00FFC0A1 /* SourceEditorViewController.swift */,
				985668401F2E60EB00297A4E /* Parser.swift */,
				980229B11F2FCF41000FFCA2 /* ErrorTableViewCell.swift */,
				9868A8C01F3712EB00D0BC79 /* AST.swift */,
			);
			path = "Sourceeditor View";
			sourceTree = "<group>";
		};
		98D919A01F2E05AB007D5234 /* Images View */ = {
			isa = PBXGroup;
			children = (
				985A42351F2CFEE800636E72 /* CustomImageView.swift */,
				98AE92A81F3900290044E33F /* LiveViewController.swift */,
			);
			path = "Images View";
			sourceTree = "<group>";
		};
		98E692EC1F30DF75000C8B41 /* Model */ = {
			isa = PBXGroup;
			children = (
				98E692E81F30C832000C8B41 /* Document.swift */,
				98E692ED1F30DF8D000C8B41 /* ProjectMetaData.swift */,
			);
			path = Model;
			sourceTree = "<group>";
		};
/* End PBXGroup section */

/* Begin PBXNativeTarget section */
		985A42011F2CF8F200636E72 /* FilterPlayground */ = {
			isa = PBXNativeTarget;
			buildConfigurationList = 985A422A1F2CF8F300636E72 /* Build configuration list for PBXNativeTarget "FilterPlayground" */;
			buildPhases = (
				985A41FE1F2CF8F200636E72 /* Sources */,
				985A41FF1F2CF8F200636E72 /* Frameworks */,
				985A42001F2CF8F200636E72 /* Resources */,
				9881A1571F4884CA00BABA72 /* Embed App Extensions */,
			);
			buildRules = (
			);
			dependencies = (
				9881A1521F4884CA00BABA72 /* PBXTargetDependency */,
				9881A1681F4884E700BABA72 /* PBXTargetDependency */,
			);
			name = FilterPlayground;
			productName = FilterPlayground;
			productReference = 985A42021F2CF8F200636E72 /* FilterPlayground.app */;
			productType = "com.apple.product-type.application";
		};
		985A42151F2CF8F300636E72 /* FilterPlaygroundTests */ = {
			isa = PBXNativeTarget;
			buildConfigurationList = 985A422D1F2CF8F300636E72 /* Build configuration list for PBXNativeTarget "FilterPlaygroundTests" */;
			buildPhases = (
				985A42121F2CF8F300636E72 /* Sources */,
				985A42131F2CF8F300636E72 /* Frameworks */,
				985A42141F2CF8F300636E72 /* Resources */,
			);
			buildRules = (
			);
			dependencies = (
				985A42181F2CF8F300636E72 /* PBXTargetDependency */,
			);
			name = FilterPlaygroundTests;
			productName = FilterPlaygroundTests;
			productReference = 985A42161F2CF8F300636E72 /* FilterPlaygroundTests.xctest */;
			productType = "com.apple.product-type.bundle.unit-test";
		};
		985A42201F2CF8F300636E72 /* FilterPlaygroundUITests */ = {
			isa = PBXNativeTarget;
			buildConfigurationList = 985A42301F2CF8F300636E72 /* Build configuration list for PBXNativeTarget "FilterPlaygroundUITests" */;
			buildPhases = (
				985A421D1F2CF8F300636E72 /* Sources */,
				985A421E1F2CF8F300636E72 /* Frameworks */,
				985A421F1F2CF8F300636E72 /* Resources */,
			);
			buildRules = (
			);
			dependencies = (
				985A42231F2CF8F300636E72 /* PBXTargetDependency */,
			);
			name = FilterPlaygroundUITests;
			productName = FilterPlaygroundUITests;
			productReference = 985A42211F2CF8F300636E72 /* FilterPlaygroundUITests.xctest */;
			productType = "com.apple.product-type.bundle.ui-testing";
		};
		9881A14B1F4884C900BABA72 /* FilterPlaygroundThumbnailExtension */ = {
			isa = PBXNativeTarget;
			buildConfigurationList = 9881A1561F4884CA00BABA72 /* Build configuration list for PBXNativeTarget "FilterPlaygroundThumbnailExtension" */;
			buildPhases = (
				9881A1481F4884C900BABA72 /* Sources */,
				9881A1491F4884C900BABA72 /* Frameworks */,
				9881A14A1F4884C900BABA72 /* Resources */,
			);
			buildRules = (
			);
			dependencies = (
			);
			name = FilterPlaygroundThumbnailExtension;
			productName = FilterPlaygroundThumbnailExtension;
			productReference = 9881A14C1F4884C900BABA72 /* FilterPlaygroundThumbnailExtension.appex */;
			productType = "com.apple.product-type.app-extension";
		};
		9881A15B1F4884E600BABA72 /* FilterPlaygroundPreviewExtension */ = {
			isa = PBXNativeTarget;
			buildConfigurationList = 9881A16A1F4884E700BABA72 /* Build configuration list for PBXNativeTarget "FilterPlaygroundPreviewExtension" */;
			buildPhases = (
				9881A1581F4884E600BABA72 /* Sources */,
				9881A1591F4884E600BABA72 /* Frameworks */,
				9881A15A1F4884E600BABA72 /* Resources */,
			);
			buildRules = (
			);
			dependencies = (
			);
			name = FilterPlaygroundPreviewExtension;
			productName = FilterPlaygroundPreviewExtension;
			productReference = 9881A15C1F4884E600BABA72 /* FilterPlaygroundPreviewExtension.appex */;
			productType = "com.apple.product-type.app-extension";
		};
		9897166F1F67E3C800E7C20C /* FilterPlaygroundMac */ = {
			isa = PBXNativeTarget;
			buildConfigurationList = 9897168B1F67E3C900E7C20C /* Build configuration list for PBXNativeTarget "FilterPlaygroundMac" */;
			buildPhases = (
				9897166C1F67E3C800E7C20C /* Sources */,
				9897166D1F67E3C800E7C20C /* Frameworks */,
				9897166E1F67E3C800E7C20C /* Resources */,
			);
			buildRules = (
			);
			dependencies = (
			);
			name = FilterPlaygroundMac;
			productName = FilterPlaygroundMac;
			productReference = 989716701F67E3C800E7C20C /* FilterPlaygroundMac.app */;
			productType = "com.apple.product-type.application";
		};
		989716831F67E3C900E7C20C /* FilterPlaygroundMacTests */ = {
			isa = PBXNativeTarget;
			buildConfigurationList = 9897168E1F67E3C900E7C20C /* Build configuration list for PBXNativeTarget "FilterPlaygroundMacTests" */;
			buildPhases = (
				989716801F67E3C900E7C20C /* Sources */,
				989716811F67E3C900E7C20C /* Frameworks */,
				989716821F67E3C900E7C20C /* Resources */,
			);
			buildRules = (
			);
			dependencies = (
				989716861F67E3C900E7C20C /* PBXTargetDependency */,
			);
			name = FilterPlaygroundMacTests;
			productName = FilterPlaygroundMacTests;
			productReference = 989716841F67E3C900E7C20C /* FilterPlaygroundMacTests.xctest */;
			productType = "com.apple.product-type.bundle.unit-test";
		};
/* End PBXNativeTarget section */

/* Begin PBXProject section */
		985A41FA1F2CF8F200636E72 /* Project object */ = {
			isa = PBXProject;
			attributes = {
				LastSwiftUpdateCheck = 0900;
				LastUpgradeCheck = 0900;
				ORGANIZATIONNAME = "Leo Thomas";
				TargetAttributes = {
					985A42011F2CF8F200636E72 = {
						CreatedOnToolsVersion = 9.0;
					};
					985A42151F2CF8F300636E72 = {
						CreatedOnToolsVersion = 9.0;
						TestTargetID = 985A42011F2CF8F200636E72;
					};
					985A42201F2CF8F300636E72 = {
						CreatedOnToolsVersion = 9.0;
						TestTargetID = 985A42011F2CF8F200636E72;
					};
					9881A14B1F4884C900BABA72 = {
						CreatedOnToolsVersion = 9.0;
					};
					9881A15B1F4884E600BABA72 = {
						CreatedOnToolsVersion = 9.0;
					};
					9897166F1F67E3C800E7C20C = {
						CreatedOnToolsVersion = 9.0;
						ProvisioningStyle = Automatic;
						SystemCapabilities = {
							com.apple.Sandbox = {
								enabled = 0;
							};
						};
					};
					989716831F67E3C900E7C20C = {
						CreatedOnToolsVersion = 9.0;
						ProvisioningStyle = Automatic;
						TestTargetID = 9897166F1F67E3C800E7C20C;
					};
				};
			};
			buildConfigurationList = 985A41FD1F2CF8F200636E72 /* Build configuration list for PBXProject "FilterPlayground" */;
			compatibilityVersion = "Xcode 8.0";
			developmentRegion = en;
			hasScannedForEncodings = 0;
			knownRegions = (
				en,
				Base,
			);
			mainGroup = 985A41F91F2CF8F200636E72;
			productRefGroup = 985A42031F2CF8F200636E72 /* Products */;
			projectDirPath = "";
			projectRoot = "";
			targets = (
				985A42011F2CF8F200636E72 /* FilterPlayground */,
				985A42151F2CF8F300636E72 /* FilterPlaygroundTests */,
				985A42201F2CF8F300636E72 /* FilterPlaygroundUITests */,
				9881A14B1F4884C900BABA72 /* FilterPlaygroundThumbnailExtension */,
				9881A15B1F4884E600BABA72 /* FilterPlaygroundPreviewExtension */,
				9897166F1F67E3C800E7C20C /* FilterPlaygroundMac */,
				989716831F67E3C900E7C20C /* FilterPlaygroundMacTests */,
			);
		};
/* End PBXProject section */

/* Begin PBXResourcesBuildPhase section */
		985A42001F2CF8F200636E72 /* Resources */ = {
			isa = PBXResourcesBuildPhase;
			buildActionMask = 2147483647;
			files = (
				986AA7341F62FE3B008F2091 /* test 4.kernelProj in Resources */,
				986AA7351F62FE3B008F2091 /* test.kernelProj in Resources */,
				986AA7331F62FE3B008F2091 /* test 3.kernelProj in Resources */,
				986AA7321F62FE3B008F2091 /* test 2.kernelProj in Resources */,
				98DC562C1F3CEF1C0024F522 /* ValuePicker.storyboard in Resources */,
				985A42101F2CF8F200636E72 /* LaunchScreen.storyboard in Resources */,
				985A420D1F2CF8F200636E72 /* Assets.xcassets in Resources */,
				985A420B1F2CF8F200636E72 /* Main.storyboard in Resources */,
			);
			runOnlyForDeploymentPostprocessing = 0;
		};
		985A42141F2CF8F300636E72 /* Resources */ = {
			isa = PBXResourcesBuildPhase;
			buildActionMask = 2147483647;
			files = (
			);
			runOnlyForDeploymentPostprocessing = 0;
		};
		985A421F1F2CF8F300636E72 /* Resources */ = {
			isa = PBXResourcesBuildPhase;
			buildActionMask = 2147483647;
			files = (
			);
			runOnlyForDeploymentPostprocessing = 0;
		};
		9881A14A1F4884C900BABA72 /* Resources */ = {
			isa = PBXResourcesBuildPhase;
			buildActionMask = 2147483647;
			files = (
			);
			runOnlyForDeploymentPostprocessing = 0;
		};
		9881A15A1F4884E600BABA72 /* Resources */ = {
			isa = PBXResourcesBuildPhase;
			buildActionMask = 2147483647;
			files = (
				9881A1651F4884E700BABA72 /* MainInterface.storyboard in Resources */,
			);
			runOnlyForDeploymentPostprocessing = 0;
		};
		9897166E1F67E3C800E7C20C /* Resources */ = {
			isa = PBXResourcesBuildPhase;
			buildActionMask = 2147483647;
			files = (
				9897167A1F67E3C800E7C20C /* Assets.xcassets in Resources */,
				989716781F67E3C800E7C20C /* Document.xib in Resources */,
				9897167D1F67E3C800E7C20C /* MainMenu.xib in Resources */,
			);
			runOnlyForDeploymentPostprocessing = 0;
		};
		989716821F67E3C900E7C20C /* Resources */ = {
			isa = PBXResourcesBuildPhase;
			buildActionMask = 2147483647;
			files = (
			);
			runOnlyForDeploymentPostprocessing = 0;
		};
/* End PBXResourcesBuildPhase section */

/* Begin PBXSourcesBuildPhase section */
		985A41FE1F2CF8F200636E72 /* Sources */ = {
			isa = PBXSourcesBuildPhase;
			buildActionMask = 2147483647;
			files = (
				98E692EE1F30DF8D000C8B41 /* ProjectMetaData.swift in Sources */,
				9845C6111F38F44100F38283 /* NewProjectViewController.swift in Sources */,
				98E692E71F30C5EA000C8B41 /* DocumentBrowserViewController.swift in Sources */,
				98B7B6E91F4757B5008C370F /* ExportTableViewController.swift in Sources */,
				986112831F3CF14400BF0C3D /* ColorPickerViewController.swift in Sources */,
				98A0CC5F1F2D041800FFC0A1 /* AttributesViewController.swift in Sources */,
				985668411F2E60EB00297A4E /* Parser.swift in Sources */,
				980229B21F2FCF41000FFCA2 /* ErrorTableViewCell.swift in Sources */,
				98A67FB61F3A29DA0043AA9D /* FloatSelectionButton.swift in Sources */,
				98316DCB1F44F4A30042F653 /* VectorValuePicker.swift in Sources */,
				98A0CC671F2D1D5000FFC0A1 /* KernelAttributeTableViewCell.swift in Sources */,
				981267D41F34BEFC00101027 /* Kernel.swift in Sources */,
				98A67FB01F3A170C0043AA9D /* CircularSlider.swift in Sources */,
				98A0CC651F2D1A8100FFC0A1 /* KernelDescriptor.swift in Sources */,
				98AE92A91F3900290044E33F /* LiveViewController.swift in Sources */,
				989716A21F67F54C00E7C20C /* Settings.swift in Sources */,
				985A42081F2CF8F200636E72 /* MainViewController.swift in Sources */,
				9868A8C11F3712EB00D0BC79 /* AST.swift in Sources */,
				98426C171F670540007C2260 /* CIFilterHelper.swift in Sources */,
				985A42361F2CFEE800636E72 /* CustomImageView.swift in Sources */,
				987672451F2F5355002F9AAF /* Extensions.swift in Sources */,
				982DC6361F3FA1D1005DE418 /* ViewDraggingIndicator.swift in Sources */,
				98CED5E21F2DE71400E4F071 /* SelectTypeViewController.swift in Sources */,
				98A0CC631F2D043B00FFC0A1 /* SourceEditorViewController.swift in Sources */,
				98A67FB21F3A17820043AA9D /* FloatPickerViewController.swift in Sources */,
				985A42061F2CF8F200636E72 /* AppDelegate.swift in Sources */,
				987A73291F66F65000F73806 /* SwiftPlaygroundsHelper.swift in Sources */,
				9848C4441F3B9B58001E079C /* SettingsTableViewController.swift in Sources */,
				986AA7371F62FF76008F2091 /* SelectTemplateTableViewController.swift in Sources */,
				9841EC751F3663AE00A8E3CA /* Theme.swift in Sources */,
				98E692E91F30C832000C8B41 /* Document.swift in Sources */,
				98C5E23D1F34B85C006E7658 /* KernelCompiler.swift in Sources */,
				989716961F67E7B300E7C20C /* CoreImage+Extension.swift in Sources */,
				980229AE1F2FB88F000FFCA2 /* ErrorParser.swift in Sources */,
				98A0CC691F2D354C00FFC0A1 /* NumberedTextView.swift in Sources */,
				986AA72B1F62F51C008F2091 /* TemplatesManager.swift in Sources */,
				9897169A1F67E80A00E7C20C /* UIImage+Extension.swift in Sources */,
				980229AC1F2F94F9000FFCA2 /* ErrorHelper.swift in Sources */,
				98C5E23F1F34B8DD006E7658 /* KernelError.swift in Sources */,
			);
			runOnlyForDeploymentPostprocessing = 0;
		};
		985A42121F2CF8F300636E72 /* Sources */ = {
			isa = PBXSourcesBuildPhase;
			buildActionMask = 2147483647;
			files = (
				98C5E2371F34A860006E7658 /* SavingDocumentTests.swift in Sources */,
				98E5AD0E1F2E87280047AC2E /* RendererTests.swift in Sources */,
				985668431F2E6ABE00297A4E /* TokenizerTests.swift in Sources */,
				9841EC771F36675000A8E3CA /* ThemingTests.swift in Sources */,
				98C5E2411F34B9B2006E7658 /* KernelCompilerTests.swift in Sources */,
				986AA72D1F62F679008F2091 /* TemplatesManagerTests.swift in Sources */,
				980229B01F2FBF18000FFCA2 /* ErrorParserTests.swift in Sources */,
				9897166B1F67E07400E7C20C /* CIFIlterHelperTests.swift in Sources */,
				98C6FE861F3832AE00D0E840 /* ASTTests.swift in Sources */,
				98C5E23B1F34B5C5006E7658 /* ErrorHelperTests.swift in Sources */,
				984D9FA41F2E824B004AFD74 /* ParserTests.swift in Sources */,
			);
			runOnlyForDeploymentPostprocessing = 0;
		};
		985A421D1F2CF8F300636E72 /* Sources */ = {
			isa = PBXSourcesBuildPhase;
			buildActionMask = 2147483647;
			files = (
				985A42261F2CF8F300636E72 /* FilterPlaygroundUITests.swift in Sources */,
			);
			runOnlyForDeploymentPostprocessing = 0;
		};
		9881A1481F4884C900BABA72 /* Sources */ = {
			isa = PBXSourcesBuildPhase;
			buildActionMask = 2147483647;
			files = (
				9881A14F1F4884C900BABA72 /* ThumbnailProvider.swift in Sources */,
			);
			runOnlyForDeploymentPostprocessing = 0;
		};
		9881A1581F4884E600BABA72 /* Sources */ = {
			isa = PBXSourcesBuildPhase;
			buildActionMask = 2147483647;
			files = (
				9881A1621F4884E700BABA72 /* PreviewViewController.swift in Sources */,
			);
			runOnlyForDeploymentPostprocessing = 0;
		};
		9897166C1F67E3C800E7C20C /* Sources */ = {
			isa = PBXSourcesBuildPhase;
			buildActionMask = 2147483647;
			files = (
				9897169F1F67E94800E7C20C /* CoreImage+Extension.swift in Sources */,
				9897169C1F67E84A00E7C20C /* Kernel.swift in Sources */,
				9897169E1F67E93300E7C20C /* ErrorHelper.swift in Sources */,
				989716931F67E75900E7C20C /* KernelDescriptor.swift in Sources */,
				989716751F67E3C800E7C20C /* Document.swift in Sources */,
				989716731F67E3C800E7C20C /* AppDelegate.swift in Sources */,
				989716A31F67F55C00E7C20C /* Settings.swift in Sources */,
				989716A01F67E97600E7C20C /* ErrorParser.swift in Sources */,
				989716911F67E47300E7C20C /* CIFilterHelper.swift in Sources */,
				989716941F67E77500E7C20C /* KernelCompiler.swift in Sources */,
				9897169B1F67E81D00E7C20C /* Extensions.swift in Sources */,
				9897169D1F67E8EE00E7C20C /* KernelError.swift in Sources */,
			);
			runOnlyForDeploymentPostprocessing = 0;
		};
		989716801F67E3C900E7C20C /* Sources */ = {
			isa = PBXSourcesBuildPhase;
			buildActionMask = 2147483647;
			files = (
				989716891F67E3C900E7C20C /* FilterPlaygroundMacTests.swift in Sources */,
			);
			runOnlyForDeploymentPostprocessing = 0;
		};
/* End PBXSourcesBuildPhase section */

/* Begin PBXTargetDependency section */
		985A42181F2CF8F300636E72 /* PBXTargetDependency */ = {
			isa = PBXTargetDependency;
			target = 985A42011F2CF8F200636E72 /* FilterPlayground */;
			targetProxy = 985A42171F2CF8F300636E72 /* PBXContainerItemProxy */;
		};
		985A42231F2CF8F300636E72 /* PBXTargetDependency */ = {
			isa = PBXTargetDependency;
			target = 985A42011F2CF8F200636E72 /* FilterPlayground */;
			targetProxy = 985A42221F2CF8F300636E72 /* PBXContainerItemProxy */;
		};
		9881A1521F4884CA00BABA72 /* PBXTargetDependency */ = {
			isa = PBXTargetDependency;
			target = 9881A14B1F4884C900BABA72 /* FilterPlaygroundThumbnailExtension */;
			targetProxy = 9881A1511F4884CA00BABA72 /* PBXContainerItemProxy */;
		};
		9881A1681F4884E700BABA72 /* PBXTargetDependency */ = {
			isa = PBXTargetDependency;
			target = 9881A15B1F4884E600BABA72 /* FilterPlaygroundPreviewExtension */;
			targetProxy = 9881A1671F4884E700BABA72 /* PBXContainerItemProxy */;
		};
		989716861F67E3C900E7C20C /* PBXTargetDependency */ = {
			isa = PBXTargetDependency;
			target = 9897166F1F67E3C800E7C20C /* FilterPlaygroundMac */;
			targetProxy = 989716851F67E3C900E7C20C /* PBXContainerItemProxy */;
		};
/* End PBXTargetDependency section */

/* Begin PBXVariantGroup section */
		985A42091F2CF8F200636E72 /* Main.storyboard */ = {
			isa = PBXVariantGroup;
			children = (
				985A420A1F2CF8F200636E72 /* Base */,
			);
			name = Main.storyboard;
			sourceTree = "<group>";
		};
		985A420E1F2CF8F200636E72 /* LaunchScreen.storyboard */ = {
			isa = PBXVariantGroup;
			children = (
				985A420F1F2CF8F200636E72 /* Base */,
			);
			name = LaunchScreen.storyboard;
			sourceTree = "<group>";
		};
		9881A1631F4884E700BABA72 /* MainInterface.storyboard */ = {
			isa = PBXVariantGroup;
			children = (
				9881A1641F4884E700BABA72 /* Base */,
			);
			name = MainInterface.storyboard;
			sourceTree = "<group>";
		};
		989716761F67E3C800E7C20C /* Document.xib */ = {
			isa = PBXVariantGroup;
			children = (
				989716771F67E3C800E7C20C /* Base */,
			);
			name = Document.xib;
			sourceTree = "<group>";
		};
		9897167B1F67E3C800E7C20C /* MainMenu.xib */ = {
			isa = PBXVariantGroup;
			children = (
				9897167C1F67E3C800E7C20C /* Base */,
			);
			name = MainMenu.xib;
			sourceTree = "<group>";
		};
		98DC562A1F3CEF1C0024F522 /* ValuePicker.storyboard */ = {
			isa = PBXVariantGroup;
			children = (
				98DC562B1F3CEF1C0024F522 /* Base */,
			);
			name = ValuePicker.storyboard;
			sourceTree = "<group>";
		};
/* End PBXVariantGroup section */

/* Begin XCBuildConfiguration section */
		985A42281F2CF8F300636E72 /* Debug */ = {
			isa = XCBuildConfiguration;
			buildSettings = {
				ALWAYS_SEARCH_USER_PATHS = NO;
				CLANG_ANALYZER_NONNULL = YES;
				CLANG_ANALYZER_NUMBER_OBJECT_CONVERSION = YES_AGGRESSIVE;
				CLANG_CXX_LANGUAGE_STANDARD = "gnu++14";
				CLANG_CXX_LIBRARY = "libc++";
				CLANG_ENABLE_MODULES = YES;
				CLANG_ENABLE_OBJC_ARC = YES;
				CLANG_WARN_BLOCK_CAPTURE_AUTORELEASING = YES;
				CLANG_WARN_BOOL_CONVERSION = YES;
				CLANG_WARN_COMMA = YES;
				CLANG_WARN_CONSTANT_CONVERSION = YES;
				CLANG_WARN_DIRECT_OBJC_ISA_USAGE = YES_ERROR;
				CLANG_WARN_DOCUMENTATION_COMMENTS = YES;
				CLANG_WARN_EMPTY_BODY = YES;
				CLANG_WARN_ENUM_CONVERSION = YES;
				CLANG_WARN_INFINITE_RECURSION = YES;
				CLANG_WARN_INT_CONVERSION = YES;
				CLANG_WARN_NON_LITERAL_NULL_CONVERSION = YES;
				CLANG_WARN_OBJC_LITERAL_CONVERSION = YES;
				CLANG_WARN_OBJC_ROOT_CLASS = YES_ERROR;
				CLANG_WARN_RANGE_LOOP_ANALYSIS = YES;
				CLANG_WARN_STRICT_PROTOTYPES = YES;
				CLANG_WARN_SUSPICIOUS_MOVE = YES;
				CLANG_WARN_UNGUARDED_AVAILABILITY = YES_AGGRESSIVE;
				CLANG_WARN_UNREACHABLE_CODE = YES;
				CLANG_WARN__DUPLICATE_METHOD_MATCH = YES;
				CODE_SIGN_IDENTITY = "iPhone Developer";
				COPY_PHASE_STRIP = NO;
				DEBUG_INFORMATION_FORMAT = dwarf;
				ENABLE_STRICT_OBJC_MSGSEND = YES;
				ENABLE_TESTABILITY = YES;
				GCC_C_LANGUAGE_STANDARD = gnu11;
				GCC_DYNAMIC_NO_PIC = NO;
				GCC_NO_COMMON_BLOCKS = YES;
				GCC_OPTIMIZATION_LEVEL = 0;
				GCC_PREPROCESSOR_DEFINITIONS = (
					"DEBUG=1",
					"$(inherited)",
				);
				GCC_WARN_64_TO_32_BIT_CONVERSION = YES;
				GCC_WARN_ABOUT_RETURN_TYPE = YES_ERROR;
				GCC_WARN_UNDECLARED_SELECTOR = YES;
				GCC_WARN_UNINITIALIZED_AUTOS = YES_AGGRESSIVE;
				GCC_WARN_UNUSED_FUNCTION = YES;
				GCC_WARN_UNUSED_VARIABLE = YES;
				IPHONEOS_DEPLOYMENT_TARGET = 11.0;
				MTL_ENABLE_DEBUG_INFO = YES;
				ONLY_ACTIVE_ARCH = YES;
				SDKROOT = iphoneos;
				SWIFT_ACTIVE_COMPILATION_CONDITIONS = DEBUG;
				SWIFT_OPTIMIZATION_LEVEL = "-Onone";
			};
			name = Debug;
		};
		985A42291F2CF8F300636E72 /* Release */ = {
			isa = XCBuildConfiguration;
			buildSettings = {
				ALWAYS_SEARCH_USER_PATHS = NO;
				CLANG_ANALYZER_NONNULL = YES;
				CLANG_ANALYZER_NUMBER_OBJECT_CONVERSION = YES_AGGRESSIVE;
				CLANG_CXX_LANGUAGE_STANDARD = "gnu++14";
				CLANG_CXX_LIBRARY = "libc++";
				CLANG_ENABLE_MODULES = YES;
				CLANG_ENABLE_OBJC_ARC = YES;
				CLANG_WARN_BLOCK_CAPTURE_AUTORELEASING = YES;
				CLANG_WARN_BOOL_CONVERSION = YES;
				CLANG_WARN_COMMA = YES;
				CLANG_WARN_CONSTANT_CONVERSION = YES;
				CLANG_WARN_DIRECT_OBJC_ISA_USAGE = YES_ERROR;
				CLANG_WARN_DOCUMENTATION_COMMENTS = YES;
				CLANG_WARN_EMPTY_BODY = YES;
				CLANG_WARN_ENUM_CONVERSION = YES;
				CLANG_WARN_INFINITE_RECURSION = YES;
				CLANG_WARN_INT_CONVERSION = YES;
				CLANG_WARN_NON_LITERAL_NULL_CONVERSION = YES;
				CLANG_WARN_OBJC_LITERAL_CONVERSION = YES;
				CLANG_WARN_OBJC_ROOT_CLASS = YES_ERROR;
				CLANG_WARN_RANGE_LOOP_ANALYSIS = YES;
				CLANG_WARN_STRICT_PROTOTYPES = YES;
				CLANG_WARN_SUSPICIOUS_MOVE = YES;
				CLANG_WARN_UNGUARDED_AVAILABILITY = YES_AGGRESSIVE;
				CLANG_WARN_UNREACHABLE_CODE = YES;
				CLANG_WARN__DUPLICATE_METHOD_MATCH = YES;
				CODE_SIGN_IDENTITY = "iPhone Developer";
				COPY_PHASE_STRIP = NO;
				DEBUG_INFORMATION_FORMAT = "dwarf-with-dsym";
				ENABLE_NS_ASSERTIONS = NO;
				ENABLE_STRICT_OBJC_MSGSEND = YES;
				GCC_C_LANGUAGE_STANDARD = gnu11;
				GCC_NO_COMMON_BLOCKS = YES;
				GCC_WARN_64_TO_32_BIT_CONVERSION = YES;
				GCC_WARN_ABOUT_RETURN_TYPE = YES_ERROR;
				GCC_WARN_UNDECLARED_SELECTOR = YES;
				GCC_WARN_UNINITIALIZED_AUTOS = YES_AGGRESSIVE;
				GCC_WARN_UNUSED_FUNCTION = YES;
				GCC_WARN_UNUSED_VARIABLE = YES;
				IPHONEOS_DEPLOYMENT_TARGET = 11.0;
				MTL_ENABLE_DEBUG_INFO = NO;
				SDKROOT = iphoneos;
				SWIFT_OPTIMIZATION_LEVEL = "-Owholemodule";
				VALIDATE_PRODUCT = YES;
			};
			name = Release;
		};
		985A422B1F2CF8F300636E72 /* Debug */ = {
			isa = XCBuildConfiguration;
			buildSettings = {
				ALWAYS_EMBED_SWIFT_STANDARD_LIBRARIES = YES;
				ASSETCATALOG_COMPILER_APPICON_NAME = AppIcon;
				DEVELOPMENT_TEAM = 23Q9KTEYUV;
				INFOPLIST_FILE = FilterPlayground/Info.plist;
				LD_RUNPATH_SEARCH_PATHS = "$(inherited) @executable_path/Frameworks";
				PRODUCT_BUNDLE_IDENTIFIER = com.lt.filterplayground;
				PRODUCT_NAME = "$(TARGET_NAME)";
				SWIFT_VERSION = 4.0;
				TARGETED_DEVICE_FAMILY = 2;
			};
			name = Debug;
		};
		985A422C1F2CF8F300636E72 /* Release */ = {
			isa = XCBuildConfiguration;
			buildSettings = {
				ALWAYS_EMBED_SWIFT_STANDARD_LIBRARIES = YES;
				ASSETCATALOG_COMPILER_APPICON_NAME = AppIcon;
				DEVELOPMENT_TEAM = 23Q9KTEYUV;
				INFOPLIST_FILE = FilterPlayground/Info.plist;
				LD_RUNPATH_SEARCH_PATHS = "$(inherited) @executable_path/Frameworks";
				PRODUCT_BUNDLE_IDENTIFIER = com.lt.filterplayground;
				PRODUCT_NAME = "$(TARGET_NAME)";
				SWIFT_VERSION = 4.0;
				TARGETED_DEVICE_FAMILY = 2;
			};
			name = Release;
		};
		985A422E1F2CF8F300636E72 /* Debug */ = {
			isa = XCBuildConfiguration;
			buildSettings = {
				ALWAYS_EMBED_SWIFT_STANDARD_LIBRARIES = YES;
				BUNDLE_LOADER = "$(TEST_HOST)";
				DEVELOPMENT_TEAM = 23Q9KTEYUV;
				INFOPLIST_FILE = FilterPlaygroundTests/Info.plist;
				LD_RUNPATH_SEARCH_PATHS = "$(inherited) @executable_path/Frameworks @loader_path/Frameworks";
				PRODUCT_BUNDLE_IDENTIFIER = lt.FilterPlaygroundTests;
				PRODUCT_NAME = "$(TARGET_NAME)";
				SWIFT_VERSION = 4.0;
				TARGETED_DEVICE_FAMILY = "1,2";
				TEST_HOST = "$(BUILT_PRODUCTS_DIR)/FilterPlayground.app/FilterPlayground";
			};
			name = Debug;
		};
		985A422F1F2CF8F300636E72 /* Release */ = {
			isa = XCBuildConfiguration;
			buildSettings = {
				ALWAYS_EMBED_SWIFT_STANDARD_LIBRARIES = YES;
				BUNDLE_LOADER = "$(TEST_HOST)";
				DEVELOPMENT_TEAM = 23Q9KTEYUV;
				INFOPLIST_FILE = FilterPlaygroundTests/Info.plist;
				LD_RUNPATH_SEARCH_PATHS = "$(inherited) @executable_path/Frameworks @loader_path/Frameworks";
				PRODUCT_BUNDLE_IDENTIFIER = lt.FilterPlaygroundTests;
				PRODUCT_NAME = "$(TARGET_NAME)";
				SWIFT_VERSION = 4.0;
				TARGETED_DEVICE_FAMILY = "1,2";
				TEST_HOST = "$(BUILT_PRODUCTS_DIR)/FilterPlayground.app/FilterPlayground";
			};
			name = Release;
		};
		985A42311F2CF8F300636E72 /* Debug */ = {
			isa = XCBuildConfiguration;
			buildSettings = {
				ALWAYS_EMBED_SWIFT_STANDARD_LIBRARIES = YES;
				INFOPLIST_FILE = FilterPlaygroundUITests/Info.plist;
				LD_RUNPATH_SEARCH_PATHS = "$(inherited) @executable_path/Frameworks @loader_path/Frameworks";
				PRODUCT_BUNDLE_IDENTIFIER = lt.FilterPlaygroundUITests;
				PRODUCT_NAME = "$(TARGET_NAME)";
				SWIFT_VERSION = 4.0;
				TARGETED_DEVICE_FAMILY = "1,2";
				TEST_TARGET_NAME = FilterPlayground;
			};
			name = Debug;
		};
		985A42321F2CF8F300636E72 /* Release */ = {
			isa = XCBuildConfiguration;
			buildSettings = {
				ALWAYS_EMBED_SWIFT_STANDARD_LIBRARIES = YES;
				INFOPLIST_FILE = FilterPlaygroundUITests/Info.plist;
				LD_RUNPATH_SEARCH_PATHS = "$(inherited) @executable_path/Frameworks @loader_path/Frameworks";
				PRODUCT_BUNDLE_IDENTIFIER = lt.FilterPlaygroundUITests;
				PRODUCT_NAME = "$(TARGET_NAME)";
				SWIFT_VERSION = 4.0;
				TARGETED_DEVICE_FAMILY = "1,2";
				TEST_TARGET_NAME = FilterPlayground;
			};
			name = Release;
		};
		9881A1541F4884CA00BABA72 /* Debug */ = {
			isa = XCBuildConfiguration;
			buildSettings = {
				DEVELOPMENT_TEAM = 23Q9KTEYUV;
				INFOPLIST_FILE = FilterPlaygroundThumbnailExtension/Info.plist;
				LD_RUNPATH_SEARCH_PATHS = "$(inherited) @executable_path/Frameworks @executable_path/../../Frameworks";
				PRODUCT_BUNDLE_IDENTIFIER = com.lt.filterplayground.FilterPlaygroundThumbnailExtension;
				PRODUCT_NAME = "$(TARGET_NAME)";
				SKIP_INSTALL = YES;
				SWIFT_VERSION = 4.0;
				TARGETED_DEVICE_FAMILY = "1,2";
			};
			name = Debug;
		};
		9881A1551F4884CA00BABA72 /* Release */ = {
			isa = XCBuildConfiguration;
			buildSettings = {
				DEVELOPMENT_TEAM = 23Q9KTEYUV;
				INFOPLIST_FILE = FilterPlaygroundThumbnailExtension/Info.plist;
				LD_RUNPATH_SEARCH_PATHS = "$(inherited) @executable_path/Frameworks @executable_path/../../Frameworks";
				PRODUCT_BUNDLE_IDENTIFIER = com.lt.filterplayground.FilterPlaygroundThumbnailExtension;
				PRODUCT_NAME = "$(TARGET_NAME)";
				SKIP_INSTALL = YES;
				SWIFT_VERSION = 4.0;
				TARGETED_DEVICE_FAMILY = "1,2";
			};
			name = Release;
		};
		9881A16B1F4884E700BABA72 /* Debug */ = {
			isa = XCBuildConfiguration;
			buildSettings = {
				DEVELOPMENT_TEAM = 23Q9KTEYUV;
				INFOPLIST_FILE = FilterPlaygroundPreviewExtension/Info.plist;
				LD_RUNPATH_SEARCH_PATHS = "$(inherited) @executable_path/Frameworks @executable_path/../../Frameworks";
				PRODUCT_BUNDLE_IDENTIFIER = com.lt.filterplayground.FilterPlaygroundPreviewExtension;
				PRODUCT_NAME = "$(TARGET_NAME)";
				SKIP_INSTALL = YES;
				SWIFT_VERSION = 4.0;
				TARGETED_DEVICE_FAMILY = "1,2";
			};
			name = Debug;
		};
		9881A16C1F4884E700BABA72 /* Release */ = {
			isa = XCBuildConfiguration;
			buildSettings = {
				DEVELOPMENT_TEAM = 23Q9KTEYUV;
				INFOPLIST_FILE = FilterPlaygroundPreviewExtension/Info.plist;
				LD_RUNPATH_SEARCH_PATHS = "$(inherited) @executable_path/Frameworks @executable_path/../../Frameworks";
				PRODUCT_BUNDLE_IDENTIFIER = com.lt.filterplayground.FilterPlaygroundPreviewExtension;
				PRODUCT_NAME = "$(TARGET_NAME)";
				SKIP_INSTALL = YES;
				SWIFT_VERSION = 4.0;
				TARGETED_DEVICE_FAMILY = "1,2";
			};
			name = Release;
		};
		9897168C1F67E3C900E7C20C /* Debug */ = {
			isa = XCBuildConfiguration;
			buildSettings = {
				ASSETCATALOG_COMPILER_APPICON_NAME = AppIcon;
				CODE_SIGN_IDENTITY = "-";
				CODE_SIGN_STYLE = Automatic;
				COMBINE_HIDPI_IMAGES = YES;
				INFOPLIST_FILE = FilterPlaygroundMac/Info.plist;
				LD_RUNPATH_SEARCH_PATHS = "$(inherited) @executable_path/../Frameworks";
				MACOSX_DEPLOYMENT_TARGET = 10.13;
				PRODUCT_BUNDLE_IDENTIFIER = s.FilterPlaygroundMac;
				PRODUCT_NAME = "$(TARGET_NAME)";
				SDKROOT = macosx;
				SWIFT_VERSION = 4.0;
			};
			name = Debug;
		};
		9897168D1F67E3C900E7C20C /* Release */ = {
			isa = XCBuildConfiguration;
			buildSettings = {
				ASSETCATALOG_COMPILER_APPICON_NAME = AppIcon;
				CODE_SIGN_IDENTITY = "-";
				CODE_SIGN_STYLE = Automatic;
				COMBINE_HIDPI_IMAGES = YES;
				INFOPLIST_FILE = FilterPlaygroundMac/Info.plist;
				LD_RUNPATH_SEARCH_PATHS = "$(inherited) @executable_path/../Frameworks";
				MACOSX_DEPLOYMENT_TARGET = 10.13;
				PRODUCT_BUNDLE_IDENTIFIER = s.FilterPlaygroundMac;
				PRODUCT_NAME = "$(TARGET_NAME)";
				SDKROOT = macosx;
				SWIFT_VERSION = 4.0;
			};
			name = Release;
		};
		9897168F1F67E3C900E7C20C /* Debug */ = {
			isa = XCBuildConfiguration;
			buildSettings = {
				ALWAYS_EMBED_SWIFT_STANDARD_LIBRARIES = YES;
				BUNDLE_LOADER = "$(TEST_HOST)";
				CODE_SIGN_IDENTITY = "-";
				CODE_SIGN_STYLE = Automatic;
				COMBINE_HIDPI_IMAGES = YES;
				INFOPLIST_FILE = FilterPlaygroundMacTests/Info.plist;
				LD_RUNPATH_SEARCH_PATHS = "$(inherited) @executable_path/../Frameworks @loader_path/../Frameworks";
				MACOSX_DEPLOYMENT_TARGET = 10.13;
				PRODUCT_BUNDLE_IDENTIFIER = s.FilterPlaygroundMacTests;
				PRODUCT_NAME = "$(TARGET_NAME)";
				SDKROOT = macosx;
				SWIFT_VERSION = 4.0;
				TEST_HOST = "$(BUILT_PRODUCTS_DIR)/FilterPlaygroundMac.app/Contents/MacOS/FilterPlaygroundMac";
			};
			name = Debug;
		};
		989716901F67E3C900E7C20C /* Release */ = {
			isa = XCBuildConfiguration;
			buildSettings = {
				ALWAYS_EMBED_SWIFT_STANDARD_LIBRARIES = YES;
				BUNDLE_LOADER = "$(TEST_HOST)";
				CODE_SIGN_IDENTITY = "-";
				CODE_SIGN_STYLE = Automatic;
				COMBINE_HIDPI_IMAGES = YES;
				INFOPLIST_FILE = FilterPlaygroundMacTests/Info.plist;
				LD_RUNPATH_SEARCH_PATHS = "$(inherited) @executable_path/../Frameworks @loader_path/../Frameworks";
				MACOSX_DEPLOYMENT_TARGET = 10.13;
				PRODUCT_BUNDLE_IDENTIFIER = s.FilterPlaygroundMacTests;
				PRODUCT_NAME = "$(TARGET_NAME)";
				SDKROOT = macosx;
				SWIFT_VERSION = 4.0;
				TEST_HOST = "$(BUILT_PRODUCTS_DIR)/FilterPlaygroundMac.app/Contents/MacOS/FilterPlaygroundMac";
			};
			name = Release;
		};
/* End XCBuildConfiguration section */

/* Begin XCConfigurationList section */
		985A41FD1F2CF8F200636E72 /* Build configuration list for PBXProject "FilterPlayground" */ = {
			isa = XCConfigurationList;
			buildConfigurations = (
				985A42281F2CF8F300636E72 /* Debug */,
				985A42291F2CF8F300636E72 /* Release */,
			);
			defaultConfigurationIsVisible = 0;
			defaultConfigurationName = Release;
		};
		985A422A1F2CF8F300636E72 /* Build configuration list for PBXNativeTarget "FilterPlayground" */ = {
			isa = XCConfigurationList;
			buildConfigurations = (
				985A422B1F2CF8F300636E72 /* Debug */,
				985A422C1F2CF8F300636E72 /* Release */,
			);
			defaultConfigurationIsVisible = 0;
			defaultConfigurationName = Release;
		};
		985A422D1F2CF8F300636E72 /* Build configuration list for PBXNativeTarget "FilterPlaygroundTests" */ = {
			isa = XCConfigurationList;
			buildConfigurations = (
				985A422E1F2CF8F300636E72 /* Debug */,
				985A422F1F2CF8F300636E72 /* Release */,
			);
			defaultConfigurationIsVisible = 0;
			defaultConfigurationName = Release;
		};
		985A42301F2CF8F300636E72 /* Build configuration list for PBXNativeTarget "FilterPlaygroundUITests" */ = {
			isa = XCConfigurationList;
			buildConfigurations = (
				985A42311F2CF8F300636E72 /* Debug */,
				985A42321F2CF8F300636E72 /* Release */,
			);
			defaultConfigurationIsVisible = 0;
			defaultConfigurationName = Release;
		};
		9881A1561F4884CA00BABA72 /* Build configuration list for PBXNativeTarget "FilterPlaygroundThumbnailExtension" */ = {
			isa = XCConfigurationList;
			buildConfigurations = (
				9881A1541F4884CA00BABA72 /* Debug */,
				9881A1551F4884CA00BABA72 /* Release */,
			);
			defaultConfigurationIsVisible = 0;
			defaultConfigurationName = Release;
		};
		9881A16A1F4884E700BABA72 /* Build configuration list for PBXNativeTarget "FilterPlaygroundPreviewExtension" */ = {
			isa = XCConfigurationList;
			buildConfigurations = (
				9881A16B1F4884E700BABA72 /* Debug */,
				9881A16C1F4884E700BABA72 /* Release */,
			);
			defaultConfigurationIsVisible = 0;
			defaultConfigurationName = Release;
		};
		9897168B1F67E3C900E7C20C /* Build configuration list for PBXNativeTarget "FilterPlaygroundMac" */ = {
			isa = XCConfigurationList;
			buildConfigurations = (
				9897168C1F67E3C900E7C20C /* Debug */,
				9897168D1F67E3C900E7C20C /* Release */,
			);
			defaultConfigurationIsVisible = 0;
			defaultConfigurationName = Release;
		};
		9897168E1F67E3C900E7C20C /* Build configuration list for PBXNativeTarget "FilterPlaygroundMacTests" */ = {
			isa = XCConfigurationList;
			buildConfigurations = (
				9897168F1F67E3C900E7C20C /* Debug */,
				989716901F67E3C900E7C20C /* Release */,
			);
			defaultConfigurationIsVisible = 0;
			defaultConfigurationName = Release;
		};
/* End XCConfigurationList section */
	};
	rootObject = 985A41FA1F2CF8F200636E72 /* Project object */;
}
